// !$*UTF8*$!
{
	archiveVersion = 1;
	classes = {
	};
	objectVersion = 46;
	objects = {

/* Begin PBXBuildFile section */
		330BB66D1B28DED5006ADF6C /* AppDelegate.swift in Sources */ = {isa = PBXBuildFile; fileRef = 330BB66C1B28DED5006ADF6C /* AppDelegate.swift */; };
		330BB66F1B28DED5006ADF6C /* ViewController.swift in Sources */ = {isa = PBXBuildFile; fileRef = 330BB66E1B28DED5006ADF6C /* ViewController.swift */; };
		330BB6721B28DED5006ADF6C /* Main.storyboard in Resources */ = {isa = PBXBuildFile; fileRef = 330BB6701B28DED5006ADF6C /* Main.storyboard */; };
		330BB6741B28DED5006ADF6C /* Assets.xcassets in Resources */ = {isa = PBXBuildFile; fileRef = 330BB6731B28DED5006ADF6C /* Assets.xcassets */; };
		330BB6771B28DED5006ADF6C /* LaunchScreen.storyboard in Resources */ = {isa = PBXBuildFile; fileRef = 330BB6751B28DED5006ADF6C /* LaunchScreen.storyboard */; };
/* End PBXBuildFile section */

/* Begin PBXFileReference section */
		330BB6691B28DED5006ADF6C /* StackViewDemo.app */ = {isa = PBXFileReference; explicitFileType = wrapper.application; includeInIndex = 0; path = StackViewDemo.app; sourceTree = BUILT_PRODUCTS_DIR; };
		330BB66C1B28DED5006ADF6C /* AppDelegate.swift */ = {isa = PBXFileReference; lastKnownFileType = sourcecode.swift; path = AppDelegate.swift; sourceTree = "<group>"; };
		330BB66E1B28DED5006ADF6C /* ViewController.swift */ = {isa = PBXFileReference; lastKnownFileType = sourcecode.swift; path = ViewController.swift; sourceTree = "<group>"; };
		330BB6711B28DED5006ADF6C /* Base */ = {isa = PBXFileReference; lastKnownFileType = file.storyboard; name = Base; path = Base.lproj/Main.storyboard; sourceTree = "<group>"; };
		330BB6731B28DED5006ADF6C /* Assets.xcassets */ = {isa = PBXFileReference; lastKnownFileType = folder.assetcatalog; path = Assets.xcassets; sourceTree = "<group>"; };
		330BB6761B28DED5006ADF6C /* Base */ = {isa = PBXFileReference; lastKnownFileType = file.storyboard; name = Base; path = Base.lproj/LaunchScreen.storyboard; sourceTree = "<group>"; };
		330BB6781B28DED5006ADF6C /* Info.plist */ = {isa = PBXFileReference; lastKnownFileType = text.plist.xml; path = Info.plist; sourceTree = "<group>"; };
/* End PBXFileReference section */

/* Begin PBXFrameworksBuildPhase section */
		330BB6661B28DED5006ADF6C /* Frameworks */ = {
			isa = PBXFrameworksBuildPhase;
			buildActionMask = 2147483647;
			files = (
			);
			runOnlyForDeploymentPostprocessing = 0;
		};
/* End PBXFrameworksBuildPhase section */

/* Begin PBXGroup section */
		330BB6601B28DED5006ADF6C = {
			isa = PBXGroup;
			children = (
				330BB66B1B28DED5006ADF6C /* StackViewDemo */,
				330BB66A1B28DED5006ADF6C /* Products */,
			);
			sourceTree = "<group>";
		};
		330BB66A1B28DED5006ADF6C /* Products */ = {
			isa = PBXGroup;
			children = (
				330BB6691B28DED5006ADF6C /* StackViewDemo.app */,
			);
			name = Products;
			sourceTree = "<group>";
		};
		330BB66B1B28DED5006ADF6C /* StackViewDemo */ = {
			isa = PBXGroup;
			children = (
				330BB66C1B28DED5006ADF6C /* AppDelegate.swift */,
				330BB66E1B28DED5006ADF6C /* ViewController.swift */,
				330BB6701B28DED5006ADF6C /* Main.storyboard */,
				330BB6731B28DED5006ADF6C /* Assets.xcassets */,
				330BB6751B28DED5006ADF6C /* LaunchScreen.storyboard */,
				330BB6781B28DED5006ADF6C /* Info.plist */,
			);
			path = StackViewDemo;
			sourceTree = "<group>";
		};
/* End PBXGroup section */

/* Begin PBXNativeTarget section */
		330BB6681B28DED5006ADF6C /* StackViewDemo */ = {
			isa = PBXNativeTarget;
			buildConfigurationList = 330BB67B1B28DED5006ADF6C /* Build configuration list for PBXNativeTarget "StackViewDemo" */;
			buildPhases = (
				330BB6651B28DED5006ADF6C /* Sources */,
				330BB6661B28DED5006ADF6C /* Frameworks */,
				330BB6671B28DED5006ADF6C /* Resources */,
			);
			buildRules = (
			);
			dependencies = (
			);
			name = StackViewDemo;
			productName = StackViewDemo;
			productReference = 330BB6691B28DED5006ADF6C /* StackViewDemo.app */;
			productType = "com.apple.product-type.application";
		};
/* End PBXNativeTarget section */

/* Begin PBXProject section */
		330BB6611B28DED5006ADF6C /* Project object */ = {
			isa = PBXProject;
			attributes = {
				LastUpgradeCheck = 0700;
				ORGANIZATIONNAME = "Jordan Morgan";
				TargetAttributes = {
					330BB6681B28DED5006ADF6C = {
						CreatedOnToolsVersion = 7.0;
					};
				};
			};
			buildConfigurationList = 330BB6641B28DED5006ADF6C /* Build configuration list for PBXProject "StackViewDemo" */;
			compatibilityVersion = "Xcode 3.2";
			developmentRegion = English;
			hasScannedForEncodings = 0;
			knownRegions = (
				en,
				Base,
			);
			mainGroup = 330BB6601B28DED5006ADF6C;
			productRefGroup = 330BB66A1B28DED5006ADF6C /* Products */;
			projectDirPath = "";
			projectRoot = "";
			targets = (
				330BB6681B28DED5006ADF6C /* StackViewDemo */,
			);
		};
/* End PBXProject section */

/* Begin PBXResourcesBuildPhase section */
		330BB6671B28DED5006ADF6C /* Resources */ = {
			isa = PBXResourcesBuildPhase;
			buildActionMask = 2147483647;
			files = (
				330BB6771B28DED5006ADF6C /* LaunchScreen.storyboard in Resources */,
				330BB6741B28DED5006ADF6C /* Assets.xcassets in Resources */,
				330BB6721B28DED5006ADF6C /* Main.storyboard in Resources */,
			);
			runOnlyForDeploymentPostprocessing = 0;
		};
/* End PBXResourcesBuildPhase section */

/* Begin PBXSourcesBuildPhase section */
		330BB6651B28DED5006ADF6C /* Sources */ = {
			isa = PBXSourcesBuildPhase;
			buildActionMask = 2147483647;
			files = (
				330BB66F1B28DED5006ADF6C /* ViewController.swift in Sources */,
				330BB66D1B28DED5006ADF6C /* AppDelegate.swift in Sources */,
			);
			runOnlyForDeploymentPostprocessing = 0;
		};
/* End PBXSourcesBuildPhase section */

/* Begin PBXVariantGroup section */
		330BB6701B28DED5006ADF6C /* Main.storyboard */ = {
			isa = PBXVariantGroup;
			children = (
				330BB6711B28DED5006ADF6C /* Base */,
			);
			name = Main.storyboard;
			sourceTree = "<group>";
		};
		330BB6751B28DED5006ADF6C /* LaunchScreen.storyboard */ = {
			isa = PBXVariantGroup;
			children = (
				330BB6761B28DED5006ADF6C /* Base */,
			);
			name = LaunchScreen.storyboard;
			sourceTree = "<group>";
		};
/* End PBXVariantGroup section */

/* Begin XCBuildConfiguration section */
		330BB6791B28DED5006ADF6C /* Debug */ = {
			isa = XCBuildConfiguration;
			buildSettings = {
				ALWAYS_SEARCH_USER_PATHS = NO;
				CLANG_CXX_LANGUAGE_STANDARD = "gnu++0x";
				CLANG_CXX_LIBRARY = "libc++";
				CLANG_ENABLE_MODULES = YES;
				CLANG_ENABLE_OBJC_ARC = YES;
				CLANG_WARN_BOOL_CONVERSION = YES;
				CLANG_WARN_CONSTANT_CONVERSION = YES;
				CLANG_WARN_DIRECT_OBJC_ISA_USAGE = YES_ERROR;
				CLANG_WARN_EMPTY_BODY = YES;
				CLANG_WARN_ENUM_CONVERSION = YES;
				CLANG_WARN_INT_CONVERSION = YES;
				CLANG_WARN_OBJC_ROOT_CLASS = YES_ERROR;
				CLANG_WARN_UNREACHABLE_CODE = YES;
				CLANG_WARN__DUPLICATE_METHOD_MATCH = YES;
				"CODE_SIGN_IDENTITY[sdk=iphoneos*]" = "iPhone Developer";
				COPY_PHASE_STRIP = NO;
				DEBUG_INFORMATION_FORMAT = dwarf;
				ENABLE_STRICT_OBJC_MSGSEND = YES;
				ENABLE_TESTABILITY = YES;
				GCC_C_LANGUAGE_STANDARD = gnu99;
				GCC_DYNAMIC_NO_PIC = NO;
				GCC_NO_COMMON_BLOCKS = YES;
				GCC_OPTIMIZATION_LEVEL = 0;
				GCC_PREPROCESSOR_DEFINITIONS = (
					"DEBUG=1",
					"$(inherited)",
				);
				GCC_WARN_64_TO_32_BIT_CONVERSION = YES;
				GCC_WARN_ABOUT_RETURN_TYPE = YES_ERROR;
				GCC_WARN_UNDECLARED_SELECTOR = YES;
				GCC_WARN_UNINITIALIZED_AUTOS = YES_AGGRESSIVE;
				GCC_WARN_UNUSED_FUNCTION = YES;
				GCC_WARN_UNUSED_VARIABLE = YES;
				IPHONEOS_DEPLOYMENT_TARGET = 9.0;
				MTL_ENABLE_DEBUG_INFO = YES;
				ONLY_ACTIVE_ARCH = YES;
				SDKROOT = iphoneos;
				SWIFT_OPTIMIZATION_LEVEL = "-Onone";
			};
			name = Debug;
		};
		330BB67A1B28DED5006ADF6C /* Release */ = {
			isa = XCBuildConfiguration;
			buildSettings = {
				ALWAYS_SEARCH_USER_PATHS = NO;
				CLANG_CXX_LANGUAGE_STANDARD = "gnu++0x";
				CLANG_CXX_LIBRARY = "libc++";
				CLANG_ENABLE_MODULES = YES;
				CLANG_ENABLE_OBJC_ARC = YES;
				CLANG_WARN_BOOL_CONVERSION = YES;
				CLANG_WARN_CONSTANT_CONVERSION = YES;
				CLANG_WARN_DIRECT_OBJC_ISA_USAGE = YES_ERROR;
				CLANG_WARN_EMPTY_BODY = YES;
				CLANG_WARN_ENUM_CONVERSION = YES;
				CLANG_WARN_INT_CONVERSION = YES;
				CLANG_WARN_OBJC_ROOT_CLASS = YES_ERROR;
				CLANG_WARN_UNREACHABLE_CODE = YES;
				CLANG_WARN__DUPLICATE_METHOD_MATCH = YES;
				"CODE_SIGN_IDENTITY[sdk=iphoneos*]" = "iPhone Developer";
				COPY_PHASE_STRIP = NO;
				DEBUG_INFORMATION_FORMAT = "dwarf-with-dsym";
				ENABLE_NS_ASSERTIONS = NO;
				ENABLE_STRICT_OBJC_MSGSEND = YES;
				GCC_C_LANGUAGE_STANDARD = gnu99;
				GCC_NO_COMMON_BLOCKS = YES;
				GCC_WARN_64_TO_32_BIT_CONVERSION = YES;
				GCC_WARN_ABOUT_RETURN_TYPE = YES_ERROR;
				GCC_WARN_UNDECLARED_SELECTOR = YES;
				GCC_WARN_UNINITIALIZED_AUTOS = YES_AGGRESSIVE;
				GCC_WARN_UNUSED_FUNCTION = YES;
				GCC_WARN_UNUSED_VARIABLE = YES;
				IPHONEOS_DEPLOYMENT_TARGET = 9.0;
				MTL_ENABLE_DEBUG_INFO = NO;
				SDKROOT = iphoneos;
				VALIDATE_PRODUCT = YES;
			};
			name = Release;
		};
		330BB67C1B28DED5006ADF6C /* Debug */ = {
			isa = XCBuildConfiguration;
			buildSettings = {
				ASSETCATALOG_COMPILER_APPICON_NAME = AppIcon;
				INFOPLIST_FILE = StackViewDemo/Info.plist;
				LD_RUNPATH_SEARCH_PATHS = "$(inherited) @executable_path/Frameworks";
				PRODUCT_BUNDLE_IDENTIFIER = "Dreaming-In-Binary-LLC.StackViewDemo";
				PRODUCT_NAME = "$(TARGET_NAME)";
			};
			name = Debug;
		};
		330BB67D1B28DED5006ADF6C /* Release */ = {
			isa = XCBuildConfiguration;
			buildSettings = {
				ASSETCATALOG_COMPILER_APPICON_NAME = AppIcon;
				INFOPLIST_FILE = StackViewDemo/Info.plist;
				LD_RUNPATH_SEARCH_PATHS = "$(inherited) @executable_path/Frameworks";
				PRODUCT_BUNDLE_IDENTIFIER = "Dreaming-In-Binary-LLC.StackViewDemo";
				PRODUCT_NAME = "$(TARGET_NAME)";
			};
			name = Release;
		};
/* End XCBuildConfiguration section */

/* Begin XCConfigurationList section */
		330BB6641B28DED5006ADF6C /* Build configuration list for PBXProject "StackViewDemo" */ = {
			isa = XCConfigurationList;
			buildConfigurations = (
				330BB6791B28DED5006ADF6C /* Debug */,
				330BB67A1B28DED5006ADF6C /* Release */,
			);
			defaultConfigurationIsVisible = 0;
			defaultConfigurationName = Release;
		};
		330BB67B1B28DED5006ADF6C /* Build configuration list for PBXNativeTarget "StackViewDemo" */ = {
			isa = XCConfigurationList;
			buildConfigurations = (
				330BB67C1B28DED5006ADF6C /* Debug */,
				330BB67D1B28DED5006ADF6C /* Release */,
			);
			defaultConfigurationIsVisible = 0;
		};
/* End XCConfigurationList section */
	};
	rootObject = 330BB6611B28DED5006ADF6C /* Project object */;
}
